
Microsoft Visual Studio Solution File, Format Version 12.00
Project("{FAE04EC0-301F-11D3-BF4B-00C04F79EFBC}") = "A982157.linebot", "A982157.linebot\A982157.linebot.csproj", "{CE360F6E-C1AD-4231-A848-D02E2F126937}"
EndProject
Global
	GlobalSection(SolutionConfigurationPlatforms) = preSolution
		Debug|Any CPU = Debug|Any CPU
		Release|Any CPU = Release|Any CPU
	EndGlobalSection
	GlobalSection(ProjectConfigurationPlatforms) = postSolution
		{CE360F6E-C1AD-4231-A848-D02E2F126937}.Debug|Any CPU.ActiveCfg = Debug|Any CPU
		{CE360F6E-C1AD-4231-A848-D02E2F126937}.Debug|Any CPU.Build.0 = Debug|Any CPU
		{CE360F6E-C1AD-4231-A848-D02E2F126937}.Release|Any CPU.ActiveCfg = Release|Any CPU
		{CE360F6E-C1AD-4231-A848-D02E2F126937}.Release|Any CPU.Build.0 = Release|Any CPU
	EndGlobalSection
EndGlobal
